
Microsoft Visual Studio Solution File, Format Version 12.00
# Visual Studio Version 16
VisualStudioVersion = 16.0.30804.86
MinimumVisualStudioVersion = 10.0.40219.1
Project("{9A19103F-16F7-4668-BE54-9A1E7A4F7556}") = "Sample.API", "API\Sample.API.csproj", "{8E993E62-D8A9-4591-949F-B5F19BB1124E}"
EndProject
Project("{9A19103F-16F7-4668-BE54-9A1E7A4F7556}") = "Sample.Application", "Application\Sample.Application.csproj", "{CCC18624-2294-462E-8984-5BE322311E5B}"
EndProject
Project("{9A19103F-16F7-4668-BE54-9A1E7A4F7556}") = "Sample.Database", "Database\Sample.Database.csproj", "{3632A5DB-B839-4136-BBD1-20625C99C59C}"
EndProject
Global
	GlobalSection(SolutionConfigurationPlatforms) = preSolution
		Debug|Any CPU = Debug|Any CPU
		Release|Any CPU = Release|Any CPU
	EndGlobalSection
	GlobalSection(ProjectConfigurationPlatforms) = postSolution
		{8E993E62-D8A9-4591-949F-B5F19BB1124E}.Debug|Any CPU.ActiveCfg = Debug|Any CPU
		{8E993E62-D8A9-4591-949F-B5F19BB1124E}.Debug|Any CPU.Build.0 = Debug|Any CPU
		{8E993E62-D8A9-4591-949F-B5F19BB1124E}.Release|Any CPU.ActiveCfg = Release|Any CPU
		{8E993E62-D8A9-4591-949F-B5F19BB1124E}.Release|Any CPU.Build.0 = Release|Any CPU
		{CCC18624-2294-462E-8984-5BE322311E5B}.Debug|Any CPU.ActiveCfg = Debug|Any CPU
		{CCC18624-2294-462E-8984-5BE322311E5B}.Debug|Any CPU.Build.0 = Debug|Any CPU
		{CCC18624-2294-462E-8984-5BE322311E5B}.Release|Any CPU.ActiveCfg = Release|Any CPU
		{CCC18624-2294-462E-8984-5BE322311E5B}.Release|Any CPU.Build.0 = Release|Any CPU
		{3632A5DB-B839-4136-BBD1-20625C99C59C}.Debug|Any CPU.ActiveCfg = Debug|Any CPU
		{3632A5DB-B839-4136-BBD1-20625C99C59C}.Debug|Any CPU.Build.0 = Debug|Any CPU
		{3632A5DB-B839-4136-BBD1-20625C99C59C}.Release|Any CPU.ActiveCfg = Release|Any CPU
		{3632A5DB-B839-4136-BBD1-20625C99C59C}.Release|Any CPU.Build.0 = Release|Any CPU
	EndGlobalSection
	GlobalSection(SolutionProperties) = preSolution
		HideSolutionNode = FALSE
	EndGlobalSection
	GlobalSection(ExtensibilityGlobals) = postSolution
		SolutionGuid = {494A1F41-2434-400C-BA58-DB6CB04981B3}
	EndGlobalSection
EndGlobal
